
Microsoft Visual Studio Solution File, Format Version 12.00
# Visual Studio Version 17
VisualStudioVersion = 17.0.31903.59
MinimumVisualStudioVersion = 10.0.40219.1
Project("{FAE04EC0-301F-11D3-BF4B-00C04F79EFBC}") = "first-project", "first-project\first-project.csproj", "{05C6D7AD-5B32-4FC0-8366-7A3770F7A2BE}"
EndProject
Project("{FAE04EC0-301F-11D3-BF4B-00C04F79EFBC}") = "Calculator", "Calculator\Calculator.csproj", "{9E41CDCB-1972-4A05-8662-A518E7AE0070}"
EndProject
Project("{FAE04EC0-301F-11D3-BF4B-00C04F79EFBC}") = "Constructor", "Constructor\Constructor.csproj", "{F8D6DFA4-5AB5-4B2B-ACF7-A5CBFDDE0653}"
EndProject
Project("{2150E333-8FDC-42A3-9474-1A3956D46DE8}") = "day01", "day01", "{7261E7C8-50B4-41E7-9194-B7B4BE574C5E}"
EndProject
Project("{2150E333-8FDC-42A3-9474-1A3956D46DE8}") = "day02", "day02", "{FE4E2165-E933-4DB9-A7B8-425CD553F26A}"
EndProject
Project("{FAE04EC0-301F-11D3-BF4B-00C04F79EFBC}") = "Composition", "Composition\Composition.csproj", "{5D16A4CE-A000-4D6F-9729-6EA18AD78D25}"
EndProject
Project("{FAE04EC0-301F-11D3-BF4B-00C04F79EFBC}") = "Inheritance", "Inheritance\Inheritance.csproj", "{CF18849A-141A-4129-AF53-D3101265582C}"
EndProject
Project("{FAE04EC0-301F-11D3-BF4B-00C04F79EFBC}") = "CalculatorLib", "CalculatorLib\CalculatorLib.csproj", "{16939E03-F632-46E8-8C92-E09808E322EC}"
EndProject
Project("{FAE04EC0-301F-11D3-BF4B-00C04F79EFBC}") = "CalculatorProgram", "CalculatorProgram\CalculatorProgram.csproj", "{244B188E-7DBC-4778-801A-C4A0CBED5299}"
EndProject
Project("{2150E333-8FDC-42A3-9474-1A3956D46DE8}") = "day03", "day03", "{9F0259EA-BFCC-4E92-8261-D2D87EF62BAC}"
EndProject
Project("{FAE04EC0-301F-11D3-BF4B-00C04F79EFBC}") = "PolymorphismLib", "PolymorphismLib\PolymorphismLib.csproj", "{9339A134-5C5E-4897-8CB8-4A6A69D69315}"
EndProject
Project("{FAE04EC0-301F-11D3-BF4B-00C04F79EFBC}") = "PolymorphismProgram", "PolymorphismProgram\PolymorphismProgram.csproj", "{4180D9DD-2CAC-49D6-A1A5-D21AACC10369}"
EndProject
Project("{2150E333-8FDC-42A3-9474-1A3956D46DE8}") = "Polymorphism", "Polymorphism", "{1469C430-88BF-45FD-AD95-826967E19126}"
EndProject
Global
	GlobalSection(SolutionConfigurationPlatforms) = preSolution
		Debug|Any CPU = Debug|Any CPU
		Release|Any CPU = Release|Any CPU
	EndGlobalSection
	GlobalSection(SolutionProperties) = preSolution
		HideSolutionNode = FALSE
	EndGlobalSection
	GlobalSection(ProjectConfigurationPlatforms) = postSolution
		{05C6D7AD-5B32-4FC0-8366-7A3770F7A2BE}.Debug|Any CPU.ActiveCfg = Debug|Any CPU
		{05C6D7AD-5B32-4FC0-8366-7A3770F7A2BE}.Debug|Any CPU.Build.0 = Debug|Any CPU
		{05C6D7AD-5B32-4FC0-8366-7A3770F7A2BE}.Release|Any CPU.ActiveCfg = Release|Any CPU
		{05C6D7AD-5B32-4FC0-8366-7A3770F7A2BE}.Release|Any CPU.Build.0 = Release|Any CPU
		{9E41CDCB-1972-4A05-8662-A518E7AE0070}.Debug|Any CPU.ActiveCfg = Debug|Any CPU
		{9E41CDCB-1972-4A05-8662-A518E7AE0070}.Debug|Any CPU.Build.0 = Debug|Any CPU
		{9E41CDCB-1972-4A05-8662-A518E7AE0070}.Release|Any CPU.ActiveCfg = Release|Any CPU
		{9E41CDCB-1972-4A05-8662-A518E7AE0070}.Release|Any CPU.Build.0 = Release|Any CPU
		{F8D6DFA4-5AB5-4B2B-ACF7-A5CBFDDE0653}.Debug|Any CPU.ActiveCfg = Debug|Any CPU
		{F8D6DFA4-5AB5-4B2B-ACF7-A5CBFDDE0653}.Debug|Any CPU.Build.0 = Debug|Any CPU
		{F8D6DFA4-5AB5-4B2B-ACF7-A5CBFDDE0653}.Release|Any CPU.ActiveCfg = Release|Any CPU
		{F8D6DFA4-5AB5-4B2B-ACF7-A5CBFDDE0653}.Release|Any CPU.Build.0 = Release|Any CPU
		{5D16A4CE-A000-4D6F-9729-6EA18AD78D25}.Debug|Any CPU.ActiveCfg = Debug|Any CPU
		{5D16A4CE-A000-4D6F-9729-6EA18AD78D25}.Debug|Any CPU.Build.0 = Debug|Any CPU
		{5D16A4CE-A000-4D6F-9729-6EA18AD78D25}.Release|Any CPU.ActiveCfg = Release|Any CPU
		{5D16A4CE-A000-4D6F-9729-6EA18AD78D25}.Release|Any CPU.Build.0 = Release|Any CPU
		{CF18849A-141A-4129-AF53-D3101265582C}.Debug|Any CPU.ActiveCfg = Debug|Any CPU
		{CF18849A-141A-4129-AF53-D3101265582C}.Debug|Any CPU.Build.0 = Debug|Any CPU
		{CF18849A-141A-4129-AF53-D3101265582C}.Release|Any CPU.ActiveCfg = Release|Any CPU
		{CF18849A-141A-4129-AF53-D3101265582C}.Release|Any CPU.Build.0 = Release|Any CPU
		{16939E03-F632-46E8-8C92-E09808E322EC}.Debug|Any CPU.ActiveCfg = Debug|Any CPU
		{16939E03-F632-46E8-8C92-E09808E322EC}.Debug|Any CPU.Build.0 = Debug|Any CPU
		{16939E03-F632-46E8-8C92-E09808E322EC}.Release|Any CPU.ActiveCfg = Release|Any CPU
		{16939E03-F632-46E8-8C92-E09808E322EC}.Release|Any CPU.Build.0 = Release|Any CPU
		{244B188E-7DBC-4778-801A-C4A0CBED5299}.Debug|Any CPU.ActiveCfg = Debug|Any CPU
		{244B188E-7DBC-4778-801A-C4A0CBED5299}.Debug|Any CPU.Build.0 = Debug|Any CPU
		{244B188E-7DBC-4778-801A-C4A0CBED5299}.Release|Any CPU.ActiveCfg = Release|Any CPU
		{244B188E-7DBC-4778-801A-C4A0CBED5299}.Release|Any CPU.Build.0 = Release|Any CPU
		{9339A134-5C5E-4897-8CB8-4A6A69D69315}.Debug|Any CPU.ActiveCfg = Debug|Any CPU
		{9339A134-5C5E-4897-8CB8-4A6A69D69315}.Debug|Any CPU.Build.0 = Debug|Any CPU
		{9339A134-5C5E-4897-8CB8-4A6A69D69315}.Release|Any CPU.ActiveCfg = Release|Any CPU
		{9339A134-5C5E-4897-8CB8-4A6A69D69315}.Release|Any CPU.Build.0 = Release|Any CPU
		{4180D9DD-2CAC-49D6-A1A5-D21AACC10369}.Debug|Any CPU.ActiveCfg = Debug|Any CPU
		{4180D9DD-2CAC-49D6-A1A5-D21AACC10369}.Debug|Any CPU.Build.0 = Debug|Any CPU
		{4180D9DD-2CAC-49D6-A1A5-D21AACC10369}.Release|Any CPU.ActiveCfg = Release|Any CPU
		{4180D9DD-2CAC-49D6-A1A5-D21AACC10369}.Release|Any CPU.Build.0 = Release|Any CPU
	EndGlobalSection
	GlobalSection(NestedProjects) = preSolution
		{4180D9DD-2CAC-49D6-A1A5-D21AACC10369} = {1469C430-88BF-45FD-AD95-826967E19126}
		{9339A134-5C5E-4897-8CB8-4A6A69D69315} = {1469C430-88BF-45FD-AD95-826967E19126}
		{1469C430-88BF-45FD-AD95-826967E19126} = {9F0259EA-BFCC-4E92-8261-D2D87EF62BAC}
		{244B188E-7DBC-4778-801A-C4A0CBED5299} = {FE4E2165-E933-4DB9-A7B8-425CD553F26A}
		{16939E03-F632-46E8-8C92-E09808E322EC} = {FE4E2165-E933-4DB9-A7B8-425CD553F26A}
		{CF18849A-141A-4129-AF53-D3101265582C} = {FE4E2165-E933-4DB9-A7B8-425CD553F26A}
		{5D16A4CE-A000-4D6F-9729-6EA18AD78D25} = {FE4E2165-E933-4DB9-A7B8-425CD553F26A}
		{F8D6DFA4-5AB5-4B2B-ACF7-A5CBFDDE0653} = {FE4E2165-E933-4DB9-A7B8-425CD553F26A}
		{05C6D7AD-5B32-4FC0-8366-7A3770F7A2BE} = {7261E7C8-50B4-41E7-9194-B7B4BE574C5E}
		{9E41CDCB-1972-4A05-8662-A518E7AE0070} = {7261E7C8-50B4-41E7-9194-B7B4BE574C5E}
	EndGlobalSection
EndGlobal
