
Microsoft Visual Studio Solution File, Format Version 12.00
# Visual Studio Version 17
VisualStudioVersion = 17.0.31903.59
MinimumVisualStudioVersion = 10.0.40219.1
Project("{FAE04EC0-301F-11D3-BF4B-00C04F79EFBC}") = "first-project", "first-project\first-project.csproj", "{05C6D7AD-5B32-4FC0-8366-7A3770F7A2BE}"
EndProject
Project("{FAE04EC0-301F-11D3-BF4B-00C04F79EFBC}") = "Calculator", "Calculator\Calculator.csproj", "{9E41CDCB-1972-4A05-8662-A518E7AE0070}"
EndProject
Project("{FAE04EC0-301F-11D3-BF4B-00C04F79EFBC}") = "Constructor", "Constructor\Constructor.csproj", "{F8D6DFA4-5AB5-4B2B-ACF7-A5CBFDDE0653}"
EndProject
Project("{2150E333-8FDC-42A3-9474-1A3956D46DE8}") = "day01", "day01", "{7261E7C8-50B4-41E7-9194-B7B4BE574C5E}"
EndProject
Project("{2150E333-8FDC-42A3-9474-1A3956D46DE8}") = "day02", "day02", "{FE4E2165-E933-4DB9-A7B8-425CD553F26A}"
EndProject
Project("{FAE04EC0-301F-11D3-BF4B-00C04F79EFBC}") = "Composition", "Composition\Composition.csproj", "{5D16A4CE-A000-4D6F-9729-6EA18AD78D25}"
EndProject
Project("{FAE04EC0-301F-11D3-BF4B-00C04F79EFBC}") = "Inheritance", "Inheritance\Inheritance.csproj", "{CF18849A-141A-4129-AF53-D3101265582C}"
EndProject
Project("{FAE04EC0-301F-11D3-BF4B-00C04F79EFBC}") = "CalculatorLib", "CalculatorLib\CalculatorLib.csproj", "{16939E03-F632-46E8-8C92-E09808E322EC}"
EndProject
Project("{FAE04EC0-301F-11D3-BF4B-00C04F79EFBC}") = "CalculatorProgram", "CalculatorProgram\CalculatorProgram.csproj", "{244B188E-7DBC-4778-801A-C4A0CBED5299}"
EndProject
Project("{2150E333-8FDC-42A3-9474-1A3956D46DE8}") = "day03", "day03", "{9F0259EA-BFCC-4E92-8261-D2D87EF62BAC}"
EndProject
Project("{FAE04EC0-301F-11D3-BF4B-00C04F79EFBC}") = "PolymorphismProgram", "PolymorphismProgram\PolymorphismProgram.csproj", "{4180D9DD-2CAC-49D6-A1A5-D21AACC10369}"
EndProject
Project("{2150E333-8FDC-42A3-9474-1A3956D46DE8}") = "LinkingProjects", "LinkingProjects", "{16C539E2-C3F4-4EAD-949D-893C527A406C}"
EndProject
Project("{FAE04EC0-301F-11D3-BF4B-00C04F79EFBC}") = "CursedCSharp", "CursedCSharp\CursedCSharp.csproj", "{581797FB-6CBC-4FF6-B89C-5D7B59B4DF91}"
EndProject
Project("{FAE04EC0-301F-11D3-BF4B-00C04F79EFBC}") = "NonPlayableCharacter", "NonPlayableCharacter\NonPlayableCharacter.csproj", "{9FC61895-F55E-4D7A-8525-59FB0499B730}"
EndProject
Project("{FAE04EC0-301F-11D3-BF4B-00C04F79EFBC}") = "NPCInterractProgram", "NPCInterractProgram\NPCInterractProgram.csproj", "{E5101EA2-1D44-4521-8B97-5856603AC984}"
EndProject
Project("{2150E333-8FDC-42A3-9474-1A3956D46DE8}") = "ExploreStatic", "ExploreStatic", "{D70CF528-0C35-44BA-9E99-075F3E1CED90}"
EndProject
Project("{FAE04EC0-301F-11D3-BF4B-00C04F79EFBC}") = "ExtensionMethod", "ExtensionMethod\ExtensionMethod.csproj", "{A15BA7EA-B8E8-4621-96CA-85CA3F881B3C}"
EndProject
Project("{FAE04EC0-301F-11D3-BF4B-00C04F79EFBC}") = "Variadic", "Variadic\Variadic.csproj", "{267B8FA4-870D-49E6-947D-F2853135E9C3}"
EndProject
Project("{FAE04EC0-301F-11D3-BF4B-00C04F79EFBC}") = "Abstraction", "Abstraction\Abstraction.csproj", "{AA1A5C73-0BE7-4BBF-B756-0C7125D6C46F}"
EndProject
Project("{2150E333-8FDC-42A3-9474-1A3956D46DE8}") = "day04", "day04", "{9D6B2ABC-02C4-4FCC-9686-3F7D3D039ADF}"
EndProject
Project("{FAE04EC0-301F-11D3-BF4B-00C04F79EFBC}") = "Properties", "Properties\Properties.csproj", "{7F452161-8F3E-4224-B41F-9608E287CCB9}"
EndProject
Project("{FAE04EC0-301F-11D3-BF4B-00C04F79EFBC}") = "Interfaces", "Interfaces\Interfaces.csproj", "{6243899E-E515-487C-AC45-694F0E359949}"
EndProject
Project("{FAE04EC0-301F-11D3-BF4B-00C04F79EFBC}") = "Enums", "Enums\Enums.csproj", "{A42FB129-CAFB-4A50-92E7-528D123641C9}"
EndProject
Project("{FAE04EC0-301F-11D3-BF4B-00C04F79EFBC}") = "Generics", "Generics\Generics.csproj", "{7B013F2E-7FC6-42AF-A9F3-C225756528DF}"
EndProject
Project("{FAE04EC0-301F-11D3-BF4B-00C04F79EFBC}") = "ReadOnlyAndConst", "ReadOnlyAndConst\ReadOnlyAndConst.csproj", "{9303831D-C041-407C-957B-687F5BDA9FAA}"
EndProject
Global
	GlobalSection(SolutionConfigurationPlatforms) = preSolution
		Debug|Any CPU = Debug|Any CPU
		Release|Any CPU = Release|Any CPU
	EndGlobalSection
	GlobalSection(SolutionProperties) = preSolution
		HideSolutionNode = FALSE
	EndGlobalSection
	GlobalSection(ProjectConfigurationPlatforms) = postSolution
		{05C6D7AD-5B32-4FC0-8366-7A3770F7A2BE}.Debug|Any CPU.ActiveCfg = Debug|Any CPU
		{05C6D7AD-5B32-4FC0-8366-7A3770F7A2BE}.Debug|Any CPU.Build.0 = Debug|Any CPU
		{05C6D7AD-5B32-4FC0-8366-7A3770F7A2BE}.Release|Any CPU.ActiveCfg = Release|Any CPU
		{05C6D7AD-5B32-4FC0-8366-7A3770F7A2BE}.Release|Any CPU.Build.0 = Release|Any CPU
		{9E41CDCB-1972-4A05-8662-A518E7AE0070}.Debug|Any CPU.ActiveCfg = Debug|Any CPU
		{9E41CDCB-1972-4A05-8662-A518E7AE0070}.Debug|Any CPU.Build.0 = Debug|Any CPU
		{9E41CDCB-1972-4A05-8662-A518E7AE0070}.Release|Any CPU.ActiveCfg = Release|Any CPU
		{9E41CDCB-1972-4A05-8662-A518E7AE0070}.Release|Any CPU.Build.0 = Release|Any CPU
		{F8D6DFA4-5AB5-4B2B-ACF7-A5CBFDDE0653}.Debug|Any CPU.ActiveCfg = Debug|Any CPU
		{F8D6DFA4-5AB5-4B2B-ACF7-A5CBFDDE0653}.Debug|Any CPU.Build.0 = Debug|Any CPU
		{F8D6DFA4-5AB5-4B2B-ACF7-A5CBFDDE0653}.Release|Any CPU.ActiveCfg = Release|Any CPU
		{F8D6DFA4-5AB5-4B2B-ACF7-A5CBFDDE0653}.Release|Any CPU.Build.0 = Release|Any CPU
		{5D16A4CE-A000-4D6F-9729-6EA18AD78D25}.Debug|Any CPU.ActiveCfg = Debug|Any CPU
		{5D16A4CE-A000-4D6F-9729-6EA18AD78D25}.Debug|Any CPU.Build.0 = Debug|Any CPU
		{5D16A4CE-A000-4D6F-9729-6EA18AD78D25}.Release|Any CPU.ActiveCfg = Release|Any CPU
		{5D16A4CE-A000-4D6F-9729-6EA18AD78D25}.Release|Any CPU.Build.0 = Release|Any CPU
		{CF18849A-141A-4129-AF53-D3101265582C}.Debug|Any CPU.ActiveCfg = Debug|Any CPU
		{CF18849A-141A-4129-AF53-D3101265582C}.Debug|Any CPU.Build.0 = Debug|Any CPU
		{CF18849A-141A-4129-AF53-D3101265582C}.Release|Any CPU.ActiveCfg = Release|Any CPU
		{CF18849A-141A-4129-AF53-D3101265582C}.Release|Any CPU.Build.0 = Release|Any CPU
		{16939E03-F632-46E8-8C92-E09808E322EC}.Debug|Any CPU.ActiveCfg = Debug|Any CPU
		{16939E03-F632-46E8-8C92-E09808E322EC}.Debug|Any CPU.Build.0 = Debug|Any CPU
		{16939E03-F632-46E8-8C92-E09808E322EC}.Release|Any CPU.ActiveCfg = Release|Any CPU
		{16939E03-F632-46E8-8C92-E09808E322EC}.Release|Any CPU.Build.0 = Release|Any CPU
		{244B188E-7DBC-4778-801A-C4A0CBED5299}.Debug|Any CPU.ActiveCfg = Debug|Any CPU
		{244B188E-7DBC-4778-801A-C4A0CBED5299}.Debug|Any CPU.Build.0 = Debug|Any CPU
		{244B188E-7DBC-4778-801A-C4A0CBED5299}.Release|Any CPU.ActiveCfg = Release|Any CPU
		{244B188E-7DBC-4778-801A-C4A0CBED5299}.Release|Any CPU.Build.0 = Release|Any CPU
		{4180D9DD-2CAC-49D6-A1A5-D21AACC10369}.Debug|Any CPU.ActiveCfg = Debug|Any CPU
		{4180D9DD-2CAC-49D6-A1A5-D21AACC10369}.Debug|Any CPU.Build.0 = Debug|Any CPU
		{4180D9DD-2CAC-49D6-A1A5-D21AACC10369}.Release|Any CPU.ActiveCfg = Release|Any CPU
		{4180D9DD-2CAC-49D6-A1A5-D21AACC10369}.Release|Any CPU.Build.0 = Release|Any CPU
		{581797FB-6CBC-4FF6-B89C-5D7B59B4DF91}.Debug|Any CPU.ActiveCfg = Debug|Any CPU
		{581797FB-6CBC-4FF6-B89C-5D7B59B4DF91}.Debug|Any CPU.Build.0 = Debug|Any CPU
		{581797FB-6CBC-4FF6-B89C-5D7B59B4DF91}.Release|Any CPU.ActiveCfg = Release|Any CPU
		{581797FB-6CBC-4FF6-B89C-5D7B59B4DF91}.Release|Any CPU.Build.0 = Release|Any CPU
		{9FC61895-F55E-4D7A-8525-59FB0499B730}.Debug|Any CPU.ActiveCfg = Debug|Any CPU
		{9FC61895-F55E-4D7A-8525-59FB0499B730}.Debug|Any CPU.Build.0 = Debug|Any CPU
		{9FC61895-F55E-4D7A-8525-59FB0499B730}.Release|Any CPU.ActiveCfg = Release|Any CPU
		{9FC61895-F55E-4D7A-8525-59FB0499B730}.Release|Any CPU.Build.0 = Release|Any CPU
		{E5101EA2-1D44-4521-8B97-5856603AC984}.Debug|Any CPU.ActiveCfg = Debug|Any CPU
		{E5101EA2-1D44-4521-8B97-5856603AC984}.Debug|Any CPU.Build.0 = Debug|Any CPU
		{E5101EA2-1D44-4521-8B97-5856603AC984}.Release|Any CPU.ActiveCfg = Release|Any CPU
		{E5101EA2-1D44-4521-8B97-5856603AC984}.Release|Any CPU.Build.0 = Release|Any CPU
		{A15BA7EA-B8E8-4621-96CA-85CA3F881B3C}.Debug|Any CPU.ActiveCfg = Debug|Any CPU
		{A15BA7EA-B8E8-4621-96CA-85CA3F881B3C}.Debug|Any CPU.Build.0 = Debug|Any CPU
		{A15BA7EA-B8E8-4621-96CA-85CA3F881B3C}.Release|Any CPU.ActiveCfg = Release|Any CPU
		{A15BA7EA-B8E8-4621-96CA-85CA3F881B3C}.Release|Any CPU.Build.0 = Release|Any CPU
		{267B8FA4-870D-49E6-947D-F2853135E9C3}.Debug|Any CPU.ActiveCfg = Debug|Any CPU
		{267B8FA4-870D-49E6-947D-F2853135E9C3}.Debug|Any CPU.Build.0 = Debug|Any CPU
		{267B8FA4-870D-49E6-947D-F2853135E9C3}.Release|Any CPU.ActiveCfg = Release|Any CPU
		{267B8FA4-870D-49E6-947D-F2853135E9C3}.Release|Any CPU.Build.0 = Release|Any CPU
		{AA1A5C73-0BE7-4BBF-B756-0C7125D6C46F}.Debug|Any CPU.ActiveCfg = Debug|Any CPU
		{AA1A5C73-0BE7-4BBF-B756-0C7125D6C46F}.Debug|Any CPU.Build.0 = Debug|Any CPU
		{AA1A5C73-0BE7-4BBF-B756-0C7125D6C46F}.Release|Any CPU.ActiveCfg = Release|Any CPU
		{AA1A5C73-0BE7-4BBF-B756-0C7125D6C46F}.Release|Any CPU.Build.0 = Release|Any CPU
		{7F452161-8F3E-4224-B41F-9608E287CCB9}.Debug|Any CPU.ActiveCfg = Debug|Any CPU
		{7F452161-8F3E-4224-B41F-9608E287CCB9}.Debug|Any CPU.Build.0 = Debug|Any CPU
		{7F452161-8F3E-4224-B41F-9608E287CCB9}.Release|Any CPU.ActiveCfg = Release|Any CPU
		{7F452161-8F3E-4224-B41F-9608E287CCB9}.Release|Any CPU.Build.0 = Release|Any CPU
		{6243899E-E515-487C-AC45-694F0E359949}.Debug|Any CPU.ActiveCfg = Debug|Any CPU
		{6243899E-E515-487C-AC45-694F0E359949}.Debug|Any CPU.Build.0 = Debug|Any CPU
		{6243899E-E515-487C-AC45-694F0E359949}.Release|Any CPU.ActiveCfg = Release|Any CPU
		{6243899E-E515-487C-AC45-694F0E359949}.Release|Any CPU.Build.0 = Release|Any CPU
		{A42FB129-CAFB-4A50-92E7-528D123641C9}.Debug|Any CPU.ActiveCfg = Debug|Any CPU
		{A42FB129-CAFB-4A50-92E7-528D123641C9}.Debug|Any CPU.Build.0 = Debug|Any CPU
		{A42FB129-CAFB-4A50-92E7-528D123641C9}.Release|Any CPU.ActiveCfg = Release|Any CPU
		{A42FB129-CAFB-4A50-92E7-528D123641C9}.Release|Any CPU.Build.0 = Release|Any CPU
		{7B013F2E-7FC6-42AF-A9F3-C225756528DF}.Debug|Any CPU.ActiveCfg = Debug|Any CPU
		{7B013F2E-7FC6-42AF-A9F3-C225756528DF}.Debug|Any CPU.Build.0 = Debug|Any CPU
		{7B013F2E-7FC6-42AF-A9F3-C225756528DF}.Release|Any CPU.ActiveCfg = Release|Any CPU
		{7B013F2E-7FC6-42AF-A9F3-C225756528DF}.Release|Any CPU.Build.0 = Release|Any CPU
		{9303831D-C041-407C-957B-687F5BDA9FAA}.Debug|Any CPU.ActiveCfg = Debug|Any CPU
		{9303831D-C041-407C-957B-687F5BDA9FAA}.Debug|Any CPU.Build.0 = Debug|Any CPU
		{9303831D-C041-407C-957B-687F5BDA9FAA}.Release|Any CPU.ActiveCfg = Release|Any CPU
		{9303831D-C041-407C-957B-687F5BDA9FAA}.Release|Any CPU.Build.0 = Release|Any CPU
	EndGlobalSection
	GlobalSection(NestedProjects) = preSolution
		{9303831D-C041-407C-957B-687F5BDA9FAA} = {9D6B2ABC-02C4-4FCC-9686-3F7D3D039ADF}
		{7B013F2E-7FC6-42AF-A9F3-C225756528DF} = {9D6B2ABC-02C4-4FCC-9686-3F7D3D039ADF}
		{A42FB129-CAFB-4A50-92E7-528D123641C9} = {9D6B2ABC-02C4-4FCC-9686-3F7D3D039ADF}
		{6243899E-E515-487C-AC45-694F0E359949} = {9D6B2ABC-02C4-4FCC-9686-3F7D3D039ADF}
		{7F452161-8F3E-4224-B41F-9608E287CCB9} = {9D6B2ABC-02C4-4FCC-9686-3F7D3D039ADF}
		{AA1A5C73-0BE7-4BBF-B756-0C7125D6C46F} = {9F0259EA-BFCC-4E92-8261-D2D87EF62BAC}
		{267B8FA4-870D-49E6-947D-F2853135E9C3} = {9F0259EA-BFCC-4E92-8261-D2D87EF62BAC}
		{A15BA7EA-B8E8-4621-96CA-85CA3F881B3C} = {9F0259EA-BFCC-4E92-8261-D2D87EF62BAC}
		{E5101EA2-1D44-4521-8B97-5856603AC984} = {D70CF528-0C35-44BA-9E99-075F3E1CED90}
		{9FC61895-F55E-4D7A-8525-59FB0499B730} = {D70CF528-0C35-44BA-9E99-075F3E1CED90}
		{D70CF528-0C35-44BA-9E99-075F3E1CED90} = {9F0259EA-BFCC-4E92-8261-D2D87EF62BAC}
		{581797FB-6CBC-4FF6-B89C-5D7B59B4DF91} = {9F0259EA-BFCC-4E92-8261-D2D87EF62BAC}
		{16C539E2-C3F4-4EAD-949D-893C527A406C} = {FE4E2165-E933-4DB9-A7B8-425CD553F26A}
		{4180D9DD-2CAC-49D6-A1A5-D21AACC10369} = {9F0259EA-BFCC-4E92-8261-D2D87EF62BAC}
		{244B188E-7DBC-4778-801A-C4A0CBED5299} = {16C539E2-C3F4-4EAD-949D-893C527A406C}
		{16939E03-F632-46E8-8C92-E09808E322EC} = {16C539E2-C3F4-4EAD-949D-893C527A406C}
		{CF18849A-141A-4129-AF53-D3101265582C} = {FE4E2165-E933-4DB9-A7B8-425CD553F26A}
		{5D16A4CE-A000-4D6F-9729-6EA18AD78D25} = {FE4E2165-E933-4DB9-A7B8-425CD553F26A}
		{F8D6DFA4-5AB5-4B2B-ACF7-A5CBFDDE0653} = {FE4E2165-E933-4DB9-A7B8-425CD553F26A}
		{05C6D7AD-5B32-4FC0-8366-7A3770F7A2BE} = {7261E7C8-50B4-41E7-9194-B7B4BE574C5E}
		{9E41CDCB-1972-4A05-8662-A518E7AE0070} = {7261E7C8-50B4-41E7-9194-B7B4BE574C5E}
	EndGlobalSection
EndGlobal
